// !$*UTF8*$!
{
	archiveVersion = 1;
	classes = {
	};
	objectVersion = 56;
	objects = {

/* Begin PBXBuildFile section */
		00B2277E2C494BEC006B6099 /* Data_DeckApp.swift in Sources */ = {isa = PBXBuildFile; fileRef = 00B2277D2C494BEC006B6099 /* Data_DeckApp.swift */; };
		00B227802C494BEC006B6099 /* ContentView.swift in Sources */ = {isa = PBXBuildFile; fileRef = 00B2277F2C494BEC006B6099 /* ContentView.swift */; };
		00B227822C494BED006B6099 /* Assets.xcassets in Resources */ = {isa = PBXBuildFile; fileRef = 00B227812C494BED006B6099 /* Assets.xcassets */; };
		00B227852C494BED006B6099 /* Preview Assets.xcassets in Resources */ = {isa = PBXBuildFile; fileRef = 00B227842C494BED006B6099 /* Preview Assets.xcassets */; };
		00B2278F2C494BED006B6099 /* Data_DeckTests.swift in Sources */ = {isa = PBXBuildFile; fileRef = 00B2278E2C494BED006B6099 /* Data_DeckTests.swift */; };
		00B227992C494BED006B6099 /* Data_DeckUITests.swift in Sources */ = {isa = PBXBuildFile; fileRef = 00B227982C494BED006B6099 /* Data_DeckUITests.swift */; };
		00B2279B2C494BED006B6099 /* Data_DeckUITestsLaunchTests.swift in Sources */ = {isa = PBXBuildFile; fileRef = 00B2279A2C494BED006B6099 /* Data_DeckUITestsLaunchTests.swift */; };
		00B227A92C495EFB006B6099 /* HomeView.swift in Sources */ = {isa = PBXBuildFile; fileRef = 00B227A82C495EFB006B6099 /* HomeView.swift */; };
		00B227AB2C496008006B6099 /* TabView.swift in Sources */ = {isa = PBXBuildFile; fileRef = 00B227AA2C496008006B6099 /* TabView.swift */; };
		00B227AD2C496137006B6099 /* ConfigView.swift in Sources */ = {isa = PBXBuildFile; fileRef = 00B227AC2C496137006B6099 /* ConfigView.swift */; };
		00B227AF2C4964CC006B6099 /* DataCard.swift in Sources */ = {isa = PBXBuildFile; fileRef = 00B227AE2C4964CC006B6099 /* DataCard.swift */; };
		00B227B12C496DF0006B6099 /* HealthManager.swift in Sources */ = {isa = PBXBuildFile; fileRef = 00B227B02C496DF0006B6099 /* HealthManager.swift */; };
/* End PBXBuildFile section */

/* Begin PBXContainerItemProxy section */
		00B2278B2C494BED006B6099 /* PBXContainerItemProxy */ = {
			isa = PBXContainerItemProxy;
			containerPortal = 00B227722C494BEC006B6099 /* Project object */;
			proxyType = 1;
			remoteGlobalIDString = 00B227792C494BEC006B6099;
			remoteInfo = "Data Deck";
		};
		00B227952C494BED006B6099 /* PBXContainerItemProxy */ = {
			isa = PBXContainerItemProxy;
			containerPortal = 00B227722C494BEC006B6099 /* Project object */;
			proxyType = 1;
			remoteGlobalIDString = 00B227792C494BEC006B6099;
			remoteInfo = "Data Deck";
		};
/* End PBXContainerItemProxy section */

/* Begin PBXFileReference section */
		00B2277A2C494BEC006B6099 /* Data Deck.app */ = {isa = PBXFileReference; explicitFileType = wrapper.application; includeInIndex = 0; path = "Data Deck.app"; sourceTree = BUILT_PRODUCTS_DIR; };
		00B2277D2C494BEC006B6099 /* Data_DeckApp.swift */ = {isa = PBXFileReference; lastKnownFileType = sourcecode.swift; path = Data_DeckApp.swift; sourceTree = "<group>"; };
		00B2277F2C494BEC006B6099 /* ContentView.swift */ = {isa = PBXFileReference; lastKnownFileType = sourcecode.swift; path = ContentView.swift; sourceTree = "<group>"; };
		00B227812C494BED006B6099 /* Assets.xcassets */ = {isa = PBXFileReference; lastKnownFileType = folder.assetcatalog; path = Assets.xcassets; sourceTree = "<group>"; };
		00B227842C494BED006B6099 /* Preview Assets.xcassets */ = {isa = PBXFileReference; lastKnownFileType = folder.assetcatalog; path = "Preview Assets.xcassets"; sourceTree = "<group>"; };
		00B2278A2C494BED006B6099 /* Data DeckTests.xctest */ = {isa = PBXFileReference; explicitFileType = wrapper.cfbundle; includeInIndex = 0; path = "Data DeckTests.xctest"; sourceTree = BUILT_PRODUCTS_DIR; };
		00B2278E2C494BED006B6099 /* Data_DeckTests.swift */ = {isa = PBXFileReference; lastKnownFileType = sourcecode.swift; path = Data_DeckTests.swift; sourceTree = "<group>"; };
		00B227942C494BED006B6099 /* Data DeckUITests.xctest */ = {isa = PBXFileReference; explicitFileType = wrapper.cfbundle; includeInIndex = 0; path = "Data DeckUITests.xctest"; sourceTree = BUILT_PRODUCTS_DIR; };
		00B227982C494BED006B6099 /* Data_DeckUITests.swift */ = {isa = PBXFileReference; lastKnownFileType = sourcecode.swift; path = Data_DeckUITests.swift; sourceTree = "<group>"; };
		00B2279A2C494BED006B6099 /* Data_DeckUITestsLaunchTests.swift */ = {isa = PBXFileReference; lastKnownFileType = sourcecode.swift; path = Data_DeckUITestsLaunchTests.swift; sourceTree = "<group>"; };
		00B227A72C494C9E006B6099 /* Data Deck.entitlements */ = {isa = PBXFileReference; lastKnownFileType = text.plist.entitlements; path = "Data Deck.entitlements"; sourceTree = "<group>"; };
		00B227A82C495EFB006B6099 /* HomeView.swift */ = {isa = PBXFileReference; lastKnownFileType = sourcecode.swift; path = HomeView.swift; sourceTree = "<group>"; };
		00B227AA2C496008006B6099 /* TabView.swift */ = {isa = PBXFileReference; lastKnownFileType = sourcecode.swift; path = TabView.swift; sourceTree = "<group>"; };
		00B227AC2C496137006B6099 /* ConfigView.swift */ = {isa = PBXFileReference; lastKnownFileType = sourcecode.swift; path = ConfigView.swift; sourceTree = "<group>"; };
		00B227AE2C4964CC006B6099 /* DataCard.swift */ = {isa = PBXFileReference; lastKnownFileType = sourcecode.swift; path = DataCard.swift; sourceTree = "<group>"; };
		00B227B02C496DF0006B6099 /* HealthManager.swift */ = {isa = PBXFileReference; lastKnownFileType = sourcecode.swift; path = HealthManager.swift; sourceTree = "<group>"; };
		00B227B22C4974AB006B6099 /* Data-Deck-Info.plist */ = {isa = PBXFileReference; lastKnownFileType = text.plist; path = "Data-Deck-Info.plist"; sourceTree = SOURCE_ROOT; };
/* End PBXFileReference section */

/* Begin PBXFrameworksBuildPhase section */
		00B227772C494BEC006B6099 /* Frameworks */ = {
			isa = PBXFrameworksBuildPhase;
			buildActionMask = 2147483647;
			files = (
			);
			runOnlyForDeploymentPostprocessing = 0;
		};
		00B227872C494BED006B6099 /* Frameworks */ = {
			isa = PBXFrameworksBuildPhase;
			buildActionMask = 2147483647;
			files = (
			);
			runOnlyForDeploymentPostprocessing = 0;
		};
		00B227912C494BED006B6099 /* Frameworks */ = {
			isa = PBXFrameworksBuildPhase;
			buildActionMask = 2147483647;
			files = (
			);
			runOnlyForDeploymentPostprocessing = 0;
		};
/* End PBXFrameworksBuildPhase section */

/* Begin PBXGroup section */
		00B227712C494BEC006B6099 = {
			isa = PBXGroup;
			children = (
				00B2277C2C494BEC006B6099 /* Data Deck */,
				00B2278D2C494BED006B6099 /* Data DeckTests */,
				00B227972C494BED006B6099 /* Data DeckUITests */,
				00B2277B2C494BEC006B6099 /* Products */,
			);
			sourceTree = "<group>";
		};
		00B2277B2C494BEC006B6099 /* Products */ = {
			isa = PBXGroup;
			children = (
				00B2277A2C494BEC006B6099 /* Data Deck.app */,
				00B2278A2C494BED006B6099 /* Data DeckTests.xctest */,
				00B227942C494BED006B6099 /* Data DeckUITests.xctest */,
			);
			name = Products;
			sourceTree = "<group>";
		};
		00B2277C2C494BEC006B6099 /* Data Deck */ = {
			isa = PBXGroup;
			children = (
				00B227B22C4974AB006B6099 /* Data-Deck-Info.plist */,
				00B227AA2C496008006B6099 /* TabView.swift */,
				00B227A82C495EFB006B6099 /* HomeView.swift */,
				00B227A72C494C9E006B6099 /* Data Deck.entitlements */,
				00B2277D2C494BEC006B6099 /* Data_DeckApp.swift */,
				00B2277F2C494BEC006B6099 /* ContentView.swift */,
				00B227812C494BED006B6099 /* Assets.xcassets */,
				00B227832C494BED006B6099 /* Preview Content */,
				00B227AC2C496137006B6099 /* ConfigView.swift */,
				00B227AE2C4964CC006B6099 /* DataCard.swift */,
				00B227B02C496DF0006B6099 /* HealthManager.swift */,
			);
			path = "Data Deck";
			sourceTree = "<group>";
		};
		00B227832C494BED006B6099 /* Preview Content */ = {
			isa = PBXGroup;
			children = (
				00B227842C494BED006B6099 /* Preview Assets.xcassets */,
			);
			path = "Preview Content";
			sourceTree = "<group>";
		};
		00B2278D2C494BED006B6099 /* Data DeckTests */ = {
			isa = PBXGroup;
			children = (
				00B2278E2C494BED006B6099 /* Data_DeckTests.swift */,
			);
			path = "Data DeckTests";
			sourceTree = "<group>";
		};
		00B227972C494BED006B6099 /* Data DeckUITests */ = {
			isa = PBXGroup;
			children = (
				00B227982C494BED006B6099 /* Data_DeckUITests.swift */,
				00B2279A2C494BED006B6099 /* Data_DeckUITestsLaunchTests.swift */,
			);
			path = "Data DeckUITests";
			sourceTree = "<group>";
		};
/* End PBXGroup section */

/* Begin PBXNativeTarget section */
		00B227792C494BEC006B6099 /* Data Deck */ = {
			isa = PBXNativeTarget;
			buildConfigurationList = 00B2279E2C494BED006B6099 /* Build configuration list for PBXNativeTarget "Data Deck" */;
			buildPhases = (
				00B227762C494BEC006B6099 /* Sources */,
				00B227772C494BEC006B6099 /* Frameworks */,
				00B227782C494BEC006B6099 /* Resources */,
			);
			buildRules = (
			);
			dependencies = (
			);
			name = "Data Deck";
			productName = "Data Deck";
			productReference = 00B2277A2C494BEC006B6099 /* Data Deck.app */;
			productType = "com.apple.product-type.application";
		};
		00B227892C494BED006B6099 /* Data DeckTests */ = {
			isa = PBXNativeTarget;
			buildConfigurationList = 00B227A12C494BED006B6099 /* Build configuration list for PBXNativeTarget "Data DeckTests" */;
			buildPhases = (
				00B227862C494BED006B6099 /* Sources */,
				00B227872C494BED006B6099 /* Frameworks */,
				00B227882C494BED006B6099 /* Resources */,
			);
			buildRules = (
			);
			dependencies = (
				00B2278C2C494BED006B6099 /* PBXTargetDependency */,
			);
			name = "Data DeckTests";
			productName = "Data DeckTests";
			productReference = 00B2278A2C494BED006B6099 /* Data DeckTests.xctest */;
			productType = "com.apple.product-type.bundle.unit-test";
		};
		00B227932C494BED006B6099 /* Data DeckUITests */ = {
			isa = PBXNativeTarget;
			buildConfigurationList = 00B227A42C494BED006B6099 /* Build configuration list for PBXNativeTarget "Data DeckUITests" */;
			buildPhases = (
				00B227902C494BED006B6099 /* Sources */,
				00B227912C494BED006B6099 /* Frameworks */,
				00B227922C494BED006B6099 /* Resources */,
			);
			buildRules = (
			);
			dependencies = (
				00B227962C494BED006B6099 /* PBXTargetDependency */,
			);
			name = "Data DeckUITests";
			productName = "Data DeckUITests";
			productReference = 00B227942C494BED006B6099 /* Data DeckUITests.xctest */;
			productType = "com.apple.product-type.bundle.ui-testing";
		};
/* End PBXNativeTarget section */

/* Begin PBXProject section */
		00B227722C494BEC006B6099 /* Project object */ = {
			isa = PBXProject;
			attributes = {
				BuildIndependentTargetsInParallel = 1;
				LastSwiftUpdateCheck = 1540;
				LastUpgradeCheck = 1540;
				TargetAttributes = {
					00B227792C494BEC006B6099 = {
						CreatedOnToolsVersion = 15.4;
					};
					00B227892C494BED006B6099 = {
						CreatedOnToolsVersion = 15.4;
						TestTargetID = 00B227792C494BEC006B6099;
					};
					00B227932C494BED006B6099 = {
						CreatedOnToolsVersion = 15.4;
						TestTargetID = 00B227792C494BEC006B6099;
					};
				};
			};
			buildConfigurationList = 00B227752C494BEC006B6099 /* Build configuration list for PBXProject "Data Deck" */;
			compatibilityVersion = "Xcode 14.0";
			developmentRegion = en;
			hasScannedForEncodings = 0;
			knownRegions = (
				en,
				Base,
			);
			mainGroup = 00B227712C494BEC006B6099;
			productRefGroup = 00B2277B2C494BEC006B6099 /* Products */;
			projectDirPath = "";
			projectRoot = "";
			targets = (
				00B227792C494BEC006B6099 /* Data Deck */,
				00B227892C494BED006B6099 /* Data DeckTests */,
				00B227932C494BED006B6099 /* Data DeckUITests */,
			);
		};
/* End PBXProject section */

/* Begin PBXResourcesBuildPhase section */
		00B227782C494BEC006B6099 /* Resources */ = {
			isa = PBXResourcesBuildPhase;
			buildActionMask = 2147483647;
			files = (
				00B227852C494BED006B6099 /* Preview Assets.xcassets in Resources */,
				00B227822C494BED006B6099 /* Assets.xcassets in Resources */,
			);
			runOnlyForDeploymentPostprocessing = 0;
		};
		00B227882C494BED006B6099 /* Resources */ = {
			isa = PBXResourcesBuildPhase;
			buildActionMask = 2147483647;
			files = (
			);
			runOnlyForDeploymentPostprocessing = 0;
		};
		00B227922C494BED006B6099 /* Resources */ = {
			isa = PBXResourcesBuildPhase;
			buildActionMask = 2147483647;
			files = (
			);
			runOnlyForDeploymentPostprocessing = 0;
		};
/* End PBXResourcesBuildPhase section */

/* Begin PBXSourcesBuildPhase section */
		00B227762C494BEC006B6099 /* Sources */ = {
			isa = PBXSourcesBuildPhase;
			buildActionMask = 2147483647;
			files = (
				00B227A92C495EFB006B6099 /* HomeView.swift in Sources */,
				00B227AD2C496137006B6099 /* ConfigView.swift in Sources */,
				00B227802C494BEC006B6099 /* ContentView.swift in Sources */,
				00B227AF2C4964CC006B6099 /* DataCard.swift in Sources */,
				00B227AB2C496008006B6099 /* TabView.swift in Sources */,
				00B2277E2C494BEC006B6099 /* Data_DeckApp.swift in Sources */,
				00B227B12C496DF0006B6099 /* HealthManager.swift in Sources */,
			);
			runOnlyForDeploymentPostprocessing = 0;
		};
		00B227862C494BED006B6099 /* Sources */ = {
			isa = PBXSourcesBuildPhase;
			buildActionMask = 2147483647;
			files = (
				00B2278F2C494BED006B6099 /* Data_DeckTests.swift in Sources */,
			);
			runOnlyForDeploymentPostprocessing = 0;
		};
		00B227902C494BED006B6099 /* Sources */ = {
			isa = PBXSourcesBuildPhase;
			buildActionMask = 2147483647;
			files = (
				00B227992C494BED006B6099 /* Data_DeckUITests.swift in Sources */,
				00B2279B2C494BED006B6099 /* Data_DeckUITestsLaunchTests.swift in Sources */,
			);
			runOnlyForDeploymentPostprocessing = 0;
		};
/* End PBXSourcesBuildPhase section */

/* Begin PBXTargetDependency section */
		00B2278C2C494BED006B6099 /* PBXTargetDependency */ = {
			isa = PBXTargetDependency;
			target = 00B227792C494BEC006B6099 /* Data Deck */;
			targetProxy = 00B2278B2C494BED006B6099 /* PBXContainerItemProxy */;
		};
		00B227962C494BED006B6099 /* PBXTargetDependency */ = {
			isa = PBXTargetDependency;
			target = 00B227792C494BEC006B6099 /* Data Deck */;
			targetProxy = 00B227952C494BED006B6099 /* PBXContainerItemProxy */;
		};
/* End PBXTargetDependency section */

/* Begin XCBuildConfiguration section */
		00B2279C2C494BED006B6099 /* Debug */ = {
			isa = XCBuildConfiguration;
			buildSettings = {
				ALWAYS_SEARCH_USER_PATHS = NO;
				ASSETCATALOG_COMPILER_GENERATE_SWIFT_ASSET_SYMBOL_EXTENSIONS = YES;
				CLANG_ANALYZER_NONNULL = YES;
				CLANG_ANALYZER_NUMBER_OBJECT_CONVERSION = YES_AGGRESSIVE;
				CLANG_CXX_LANGUAGE_STANDARD = "gnu++20";
				CLANG_ENABLE_MODULES = YES;
				CLANG_ENABLE_OBJC_ARC = YES;
				CLANG_ENABLE_OBJC_WEAK = YES;
				CLANG_WARN_BLOCK_CAPTURE_AUTORELEASING = YES;
				CLANG_WARN_BOOL_CONVERSION = YES;
				CLANG_WARN_COMMA = YES;
				CLANG_WARN_CONSTANT_CONVERSION = YES;
				CLANG_WARN_DEPRECATED_OBJC_IMPLEMENTATIONS = YES;
				CLANG_WARN_DIRECT_OBJC_ISA_USAGE = YES_ERROR;
				CLANG_WARN_DOCUMENTATION_COMMENTS = YES;
				CLANG_WARN_EMPTY_BODY = YES;
				CLANG_WARN_ENUM_CONVERSION = YES;
				CLANG_WARN_INFINITE_RECURSION = YES;
				CLANG_WARN_INT_CONVERSION = YES;
				CLANG_WARN_NON_LITERAL_NULL_CONVERSION = YES;
				CLANG_WARN_OBJC_IMPLICIT_RETAIN_SELF = YES;
				CLANG_WARN_OBJC_LITERAL_CONVERSION = YES;
				CLANG_WARN_OBJC_ROOT_CLASS = YES_ERROR;
				CLANG_WARN_QUOTED_INCLUDE_IN_FRAMEWORK_HEADER = YES;
				CLANG_WARN_RANGE_LOOP_ANALYSIS = YES;
				CLANG_WARN_STRICT_PROTOTYPES = YES;
				CLANG_WARN_SUSPICIOUS_MOVE = YES;
				CLANG_WARN_UNGUARDED_AVAILABILITY = YES_AGGRESSIVE;
				CLANG_WARN_UNREACHABLE_CODE = YES;
				CLANG_WARN__DUPLICATE_METHOD_MATCH = YES;
				COPY_PHASE_STRIP = NO;
				DEBUG_INFORMATION_FORMAT = dwarf;
				ENABLE_STRICT_OBJC_MSGSEND = YES;
				ENABLE_TESTABILITY = YES;
				ENABLE_USER_SCRIPT_SANDBOXING = YES;
				GCC_C_LANGUAGE_STANDARD = gnu17;
				GCC_DYNAMIC_NO_PIC = NO;
				GCC_NO_COMMON_BLOCKS = YES;
				GCC_OPTIMIZATION_LEVEL = 0;
				GCC_PREPROCESSOR_DEFINITIONS = (
					"DEBUG=1",
					"$(inherited)",
				);
				GCC_WARN_64_TO_32_BIT_CONVERSION = YES;
				GCC_WARN_ABOUT_RETURN_TYPE = YES_ERROR;
				GCC_WARN_UNDECLARED_SELECTOR = YES;
				GCC_WARN_UNINITIALIZED_AUTOS = YES_AGGRESSIVE;
				GCC_WARN_UNUSED_FUNCTION = YES;
				GCC_WARN_UNUSED_VARIABLE = YES;
				IPHONEOS_DEPLOYMENT_TARGET = 17.5;
				LOCALIZATION_PREFERS_STRING_CATALOGS = YES;
				MTL_ENABLE_DEBUG_INFO = INCLUDE_SOURCE;
				MTL_FAST_MATH = YES;
				ONLY_ACTIVE_ARCH = YES;
				SDKROOT = iphoneos;
				SWIFT_ACTIVE_COMPILATION_CONDITIONS = "DEBUG $(inherited)";
				SWIFT_OPTIMIZATION_LEVEL = "-Onone";
			};
			name = Debug;
		};
		00B2279D2C494BED006B6099 /* Release */ = {
			isa = XCBuildConfiguration;
			buildSettings = {
				ALWAYS_SEARCH_USER_PATHS = NO;
				ASSETCATALOG_COMPILER_GENERATE_SWIFT_ASSET_SYMBOL_EXTENSIONS = YES;
				CLANG_ANALYZER_NONNULL = YES;
				CLANG_ANALYZER_NUMBER_OBJECT_CONVERSION = YES_AGGRESSIVE;
				CLANG_CXX_LANGUAGE_STANDARD = "gnu++20";
				CLANG_ENABLE_MODULES = YES;
				CLANG_ENABLE_OBJC_ARC = YES;
				CLANG_ENABLE_OBJC_WEAK = YES;
				CLANG_WARN_BLOCK_CAPTURE_AUTORELEASING = YES;
				CLANG_WARN_BOOL_CONVERSION = YES;
				CLANG_WARN_COMMA = YES;
				CLANG_WARN_CONSTANT_CONVERSION = YES;
				CLANG_WARN_DEPRECATED_OBJC_IMPLEMENTATIONS = YES;
				CLANG_WARN_DIRECT_OBJC_ISA_USAGE = YES_ERROR;
				CLANG_WARN_DOCUMENTATION_COMMENTS = YES;
				CLANG_WARN_EMPTY_BODY = YES;
				CLANG_WARN_ENUM_CONVERSION = YES;
				CLANG_WARN_INFINITE_RECURSION = YES;
				CLANG_WARN_INT_CONVERSION = YES;
				CLANG_WARN_NON_LITERAL_NULL_CONVERSION = YES;
				CLANG_WARN_OBJC_IMPLICIT_RETAIN_SELF = YES;
				CLANG_WARN_OBJC_LITERAL_CONVERSION = YES;
				CLANG_WARN_OBJC_ROOT_CLASS = YES_ERROR;
				CLANG_WARN_QUOTED_INCLUDE_IN_FRAMEWORK_HEADER = YES;
				CLANG_WARN_RANGE_LOOP_ANALYSIS = YES;
				CLANG_WARN_STRICT_PROTOTYPES = YES;
				CLANG_WARN_SUSPICIOUS_MOVE = YES;
				CLANG_WARN_UNGUARDED_AVAILABILITY = YES_AGGRESSIVE;
				CLANG_WARN_UNREACHABLE_CODE = YES;
				CLANG_WARN__DUPLICATE_METHOD_MATCH = YES;
				COPY_PHASE_STRIP = NO;
				DEBUG_INFORMATION_FORMAT = "dwarf-with-dsym";
				ENABLE_NS_ASSERTIONS = NO;
				ENABLE_STRICT_OBJC_MSGSEND = YES;
				ENABLE_USER_SCRIPT_SANDBOXING = YES;
				GCC_C_LANGUAGE_STANDARD = gnu17;
				GCC_NO_COMMON_BLOCKS = YES;
				GCC_WARN_64_TO_32_BIT_CONVERSION = YES;
				GCC_WARN_ABOUT_RETURN_TYPE = YES_ERROR;
				GCC_WARN_UNDECLARED_SELECTOR = YES;
				GCC_WARN_UNINITIALIZED_AUTOS = YES_AGGRESSIVE;
				GCC_WARN_UNUSED_FUNCTION = YES;
				GCC_WARN_UNUSED_VARIABLE = YES;
				IPHONEOS_DEPLOYMENT_TARGET = 17.5;
				LOCALIZATION_PREFERS_STRING_CATALOGS = YES;
				MTL_ENABLE_DEBUG_INFO = NO;
				MTL_FAST_MATH = YES;
				SDKROOT = iphoneos;
				SWIFT_COMPILATION_MODE = wholemodule;
				VALIDATE_PRODUCT = YES;
			};
			name = Release;
		};
		00B2279F2C494BED006B6099 /* Debug */ = {
			isa = XCBuildConfiguration;
			buildSettings = {
				ASSETCATALOG_COMPILER_APPICON_NAME = AppIcon;
				ASSETCATALOG_COMPILER_GLOBAL_ACCENT_COLOR_NAME = AccentColor;
				CODE_SIGN_ENTITLEMENTS = "Data Deck/Data Deck.entitlements";
				CODE_SIGN_IDENTITY = "Apple Development";
				CODE_SIGN_STYLE = Automatic;
				CURRENT_PROJECT_VERSION = 1;
				DEVELOPMENT_ASSET_PATHS = "\"Data Deck/Preview Content\"";
				DEVELOPMENT_TEAM = AQYUR75B66;
				ENABLE_PREVIEWS = YES;
				GENERATE_INFOPLIST_FILE = YES;
				INFOPLIST_FILE = "Data-Deck-Info.plist";
				INFOPLIST_KEY_NSHealthShareUsageDescription = "Please allow read access to display your health data";
				INFOPLIST_KEY_UIApplicationSceneManifest_Generation = YES;
				INFOPLIST_KEY_UIApplicationSupportsIndirectInputEvents = YES;
				INFOPLIST_KEY_UILaunchScreen_Generation = YES;
				INFOPLIST_KEY_UISupportedInterfaceOrientations_iPad = "UIInterfaceOrientationPortrait UIInterfaceOrientationPortraitUpsideDown UIInterfaceOrientationLandscapeLeft UIInterfaceOrientationLandscapeRight";
				INFOPLIST_KEY_UISupportedInterfaceOrientations_iPhone = "UIInterfaceOrientationPortrait UIInterfaceOrientationLandscapeLeft UIInterfaceOrientationLandscapeRight";
				LD_RUNPATH_SEARCH_PATHS = (
					"$(inherited)",
					"@executable_path/Frameworks",
				);
				MARKETING_VERSION = 1.0;
				PRODUCT_BUNDLE_IDENTIFIER = "DeanDivizio.Data-Deck";
				PRODUCT_NAME = "$(TARGET_NAME)";
				PROVISIONING_PROFILE_SPECIFIER = "";
				SWIFT_EMIT_LOC_STRINGS = YES;
				SWIFT_VERSION = 5.0;
				TARGETED_DEVICE_FAMILY = "1,2";
			};
			name = Debug;
		};
		00B227A02C494BED006B6099 /* Release */ = {
			isa = XCBuildConfiguration;
			buildSettings = {
				ASSETCATALOG_COMPILER_APPICON_NAME = AppIcon;
				ASSETCATALOG_COMPILER_GLOBAL_ACCENT_COLOR_NAME = AccentColor;
				CODE_SIGN_ENTITLEMENTS = "Data Deck/Data Deck.entitlements";
				CODE_SIGN_IDENTITY = "Apple Development";
				CODE_SIGN_STYLE = Automatic;
				CURRENT_PROJECT_VERSION = 1;
				DEVELOPMENT_ASSET_PATHS = "\"Data Deck/Preview Content\"";
				DEVELOPMENT_TEAM = AQYUR75B66;
				ENABLE_PREVIEWS = YES;
				GENERATE_INFOPLIST_FILE = YES;
				INFOPLIST_FILE = "Data-Deck-Info.plist";
				INFOPLIST_KEY_NSHealthShareUsageDescription = "Please allow read access to display your health data";
				INFOPLIST_KEY_UIApplicationSceneManifest_Generation = YES;
				INFOPLIST_KEY_UIApplicationSupportsIndirectInputEvents = YES;
				INFOPLIST_KEY_UILaunchScreen_Generation = YES;
				INFOPLIST_KEY_UISupportedInterfaceOrientations_iPad = "UIInterfaceOrientationPortrait UIInterfaceOrientationPortraitUpsideDown UIInterfaceOrientationLandscapeLeft UIInterfaceOrientationLandscapeRight";
				INFOPLIST_KEY_UISupportedInterfaceOrientations_iPhone = "UIInterfaceOrientationPortrait UIInterfaceOrientationLandscapeLeft UIInterfaceOrientationLandscapeRight";
				LD_RUNPATH_SEARCH_PATHS = (
					"$(inherited)",
					"@executable_path/Frameworks",
				);
				MARKETING_VERSION = 1.0;
				PRODUCT_BUNDLE_IDENTIFIER = "DeanDivizio.Data-Deck";
				PRODUCT_NAME = "$(TARGET_NAME)";
				PROVISIONING_PROFILE_SPECIFIER = "";
				SWIFT_EMIT_LOC_STRINGS = YES;
				SWIFT_VERSION = 5.0;
				TARGETED_DEVICE_FAMILY = "1,2";
			};
			name = Release;
		};
		00B227A22C494BED006B6099 /* Debug */ = {
			isa = XCBuildConfiguration;
			buildSettings = {
				ALWAYS_EMBED_SWIFT_STANDARD_LIBRARIES = YES;
				BUNDLE_LOADER = "$(TEST_HOST)";
				CODE_SIGN_STYLE = Automatic;
				CURRENT_PROJECT_VERSION = 1;
				DEVELOPMENT_TEAM = AQYUR75B66;
				GENERATE_INFOPLIST_FILE = YES;
				IPHONEOS_DEPLOYMENT_TARGET = 17.5;
				MARKETING_VERSION = 1.0;
				PRODUCT_BUNDLE_IDENTIFIER = "DeanDivizio.Data-DeckTests";
				PRODUCT_NAME = "$(TARGET_NAME)";
				SWIFT_EMIT_LOC_STRINGS = NO;
				SWIFT_VERSION = 5.0;
				TARGETED_DEVICE_FAMILY = "1,2";
				TEST_HOST = "$(BUILT_PRODUCTS_DIR)/Data Deck.app/$(BUNDLE_EXECUTABLE_FOLDER_PATH)/Data Deck";
			};
			name = Debug;
		};
		00B227A32C494BED006B6099 /* Release */ = {
			isa = XCBuildConfiguration;
			buildSettings = {
				ALWAYS_EMBED_SWIFT_STANDARD_LIBRARIES = YES;
				BUNDLE_LOADER = "$(TEST_HOST)";
				CODE_SIGN_STYLE = Automatic;
				CURRENT_PROJECT_VERSION = 1;
				DEVELOPMENT_TEAM = AQYUR75B66;
				GENERATE_INFOPLIST_FILE = YES;
				IPHONEOS_DEPLOYMENT_TARGET = 17.5;
				MARKETING_VERSION = 1.0;
				PRODUCT_BUNDLE_IDENTIFIER = "DeanDivizio.Data-DeckTests";
				PRODUCT_NAME = "$(TARGET_NAME)";
				SWIFT_EMIT_LOC_STRINGS = NO;
				SWIFT_VERSION = 5.0;
				TARGETED_DEVICE_FAMILY = "1,2";
				TEST_HOST = "$(BUILT_PRODUCTS_DIR)/Data Deck.app/$(BUNDLE_EXECUTABLE_FOLDER_PATH)/Data Deck";
			};
			name = Release;
		};
		00B227A52C494BED006B6099 /* Debug */ = {
			isa = XCBuildConfiguration;
			buildSettings = {
				ALWAYS_EMBED_SWIFT_STANDARD_LIBRARIES = YES;
				CODE_SIGN_STYLE = Automatic;
				CURRENT_PROJECT_VERSION = 1;
				DEVELOPMENT_TEAM = AQYUR75B66;
				GENERATE_INFOPLIST_FILE = YES;
				MARKETING_VERSION = 1.0;
				PRODUCT_BUNDLE_IDENTIFIER = "DeanDivizio.Data-DeckUITests";
				PRODUCT_NAME = "$(TARGET_NAME)";
				SWIFT_EMIT_LOC_STRINGS = NO;
				SWIFT_VERSION = 5.0;
				TARGETED_DEVICE_FAMILY = "1,2";
				TEST_TARGET_NAME = "Data Deck";
			};
			name = Debug;
		};
		00B227A62C494BED006B6099 /* Release */ = {
			isa = XCBuildConfiguration;
			buildSettings = {
				ALWAYS_EMBED_SWIFT_STANDARD_LIBRARIES = YES;
				CODE_SIGN_STYLE = Automatic;
				CURRENT_PROJECT_VERSION = 1;
				DEVELOPMENT_TEAM = AQYUR75B66;
				GENERATE_INFOPLIST_FILE = YES;
				MARKETING_VERSION = 1.0;
				PRODUCT_BUNDLE_IDENTIFIER = "DeanDivizio.Data-DeckUITests";
				PRODUCT_NAME = "$(TARGET_NAME)";
				SWIFT_EMIT_LOC_STRINGS = NO;
				SWIFT_VERSION = 5.0;
				TARGETED_DEVICE_FAMILY = "1,2";
				TEST_TARGET_NAME = "Data Deck";
			};
			name = Release;
		};
/* End XCBuildConfiguration section */

/* Begin XCConfigurationList section */
		00B227752C494BEC006B6099 /* Build configuration list for PBXProject "Data Deck" */ = {
			isa = XCConfigurationList;
			buildConfigurations = (
				00B2279C2C494BED006B6099 /* Debug */,
				00B2279D2C494BED006B6099 /* Release */,
			);
			defaultConfigurationIsVisible = 0;
			defaultConfigurationName = Release;
		};
		00B2279E2C494BED006B6099 /* Build configuration list for PBXNativeTarget "Data Deck" */ = {
			isa = XCConfigurationList;
			buildConfigurations = (
				00B2279F2C494BED006B6099 /* Debug */,
				00B227A02C494BED006B6099 /* Release */,
			);
			defaultConfigurationIsVisible = 0;
			defaultConfigurationName = Release;
		};
		00B227A12C494BED006B6099 /* Build configuration list for PBXNativeTarget "Data DeckTests" */ = {
			isa = XCConfigurationList;
			buildConfigurations = (
				00B227A22C494BED006B6099 /* Debug */,
				00B227A32C494BED006B6099 /* Release */,
			);
			defaultConfigurationIsVisible = 0;
			defaultConfigurationName = Release;
		};
		00B227A42C494BED006B6099 /* Build configuration list for PBXNativeTarget "Data DeckUITests" */ = {
			isa = XCConfigurationList;
			buildConfigurations = (
				00B227A52C494BED006B6099 /* Debug */,
				00B227A62C494BED006B6099 /* Release */,
			);
			defaultConfigurationIsVisible = 0;
			defaultConfigurationName = Release;
		};
/* End XCConfigurationList section */
	};
	rootObject = 00B227722C494BEC006B6099 /* Project object */;
}
